catalogs:
  emil:
    commit: e8a175de22ae1e49370fc144c1f3bb9aeedf988d
    source: emilkowalski/skill
  impeccable:
    commit: 6e802bd0ed99f53180e2359fddab6da8d97970d9
    source: pbakaus/impeccable
  local:
    source: path:.
  vercel:
    commit: 063bee94c3f4df8453406c830b0a7df0f2860278
    source: vercel-labs/agent-skills
hooks: {}
mcps: {}
packs: {}
skills:
  animate:
    catalog: emil
    commit: e8a175de22ae1e49370fc144c1f3bb9aeedf988d
    path: skills/animate
    reason: skill:emil/animate
  break-ui:
    catalog: emil
    commit: e8a175de22ae1e49370fc144c1f3bb9aeedf988d
    path: skills/break-ui
    reason: skill:emil/break-ui
  emil-design-eng:
    catalog: emil
    commit: e8a175de22ae1e49370fc144c1f3bb9aeedf988d
    path: skills/emil-design-eng
    reason: skill:emil/emil-design-eng
  find-animation-opportunities:
    catalog: emil
    commit: e8a175de22ae1e49370fc144c1f3bb9aeedf988d
    path: skills/find-animation-opportunities
    reason: skill:emil/find-animation-opportunities
  impeccable:
    catalog: impeccable
    commit: 6e802bd0ed99f53180e2359fddab6da8d97970d9
    path: skills/impeccable
    reason: skill:impeccable/impeccable
  improve-animations:
    catalog: emil
    commit: e8a175de22ae1e49370fc144c1f3bb9aeedf988d
    path: skills/improve-animations
    reason: skill:emil/improve-animations
  mobile-native:
    catalog: emil
    commit: e8a175de22ae1e49370fc144c1f3bb9aeedf988d
    path: skills/mobile-native
    reason: skill:emil/mobile-native
  review-animations:
    catalog: emil
    commit: e8a175de22ae1e49370fc144c1f3bb9aeedf988d
    path: skills/review-animations
    reason: skill:emil/review-animations
  web-design-guidelines:
    catalog: vercel
    commit: 063bee94c3f4df8453406c830b0a7df0f2860278
    path: skills/web-design-guidelines
    reason: skill:vercel/web-design-guidelines
version: 1
